// !$*UTF8*$!
{
	archiveVersion = 1;
	classes = {
	};
	objectVersion = 48;
	objects = {

/* Begin PBXBuildFile section */
		7FE9865BA5673467DA331D0A /* Pods_LearnRY.framework in Frameworks */ = {isa = PBXBuildFile; fileRef = 37660A775F410D36374DF6DC /* Pods_LearnRY.framework */; };
		F44DA3F71FCF94F400B4A8F4 /* TopChatListViewController.m in Sources */ = {isa = PBXBuildFile; fileRef = F44DA3F61FCF94F400B4A8F4 /* TopChatListViewController.m */; };
		F44DA3FA1FCF952900B4A8F4 /* SecondaryChatListViewController.m in Sources */ = {isa = PBXBuildFile; fileRef = F44DA3F81FCF952800B4A8F4 /* SecondaryChatListViewController.m */; };
		F458BA7E1FCCF70C0082AC55 /* ContactListTableViewController.swift in Sources */ = {isa = PBXBuildFile; fileRef = F458BA7D1FCCF70C0082AC55 /* ContactListTableViewController.swift */; };
		F458BA801FCCF73E0082AC55 /* ContactInfoViewController.swift in Sources */ = {isa = PBXBuildFile; fileRef = F458BA7F1FCCF73E0082AC55 /* ContactInfoViewController.swift */; };
		F458BA821FCCF7FC0082AC55 /* LoginViewController.swift in Sources */ = {isa = PBXBuildFile; fileRef = F458BA811FCCF7FC0082AC55 /* LoginViewController.swift */; };
		F458BA841FCD1BDC0082AC55 /* The.swift in Sources */ = {isa = PBXBuildFile; fileRef = F458BA831FCD1BDC0082AC55 /* The.swift */; };
		F458BA861FCDD7000082AC55 /* FriendTableViewCell.swift in Sources */ = {isa = PBXBuildFile; fileRef = F458BA851FCDD7000082AC55 /* FriendTableViewCell.swift */; };
		F458BA891FCDF1BC0082AC55 /* LoginUserTableViewCell.swift in Sources */ = {isa = PBXBuildFile; fileRef = F458BA871FCDF1BC0082AC55 /* LoginUserTableViewCell.swift */; };
		F458BA8A1FCDF1BC0082AC55 /* LoginUserTableViewCell.xib in Resources */ = {isa = PBXBuildFile; fileRef = F458BA881FCDF1BC0082AC55 /* LoginUserTableViewCell.xib */; };
		F458BA8D1FCDF37B0082AC55 /* Login.storyboard in Resources */ = {isa = PBXBuildFile; fileRef = F458BA8C1FCDF37B0082AC55 /* Login.storyboard */; };
		F458BA951FCE059A0082AC55 /* Storyboards.swift in Sources */ = {isa = PBXBuildFile; fileRef = F458BA931FCE059A0082AC55 /* Storyboards.swift */; };
		F458BA961FCE059A0082AC55 /* Assets.swift in Sources */ = {isa = PBXBuildFile; fileRef = F458BA941FCE059A0082AC55 /* Assets.swift */; };
		F458BA981FCE5C1A0082AC55 /* RootChatListViewController.swift in Sources */ = {isa = PBXBuildFile; fileRef = F458BA971FCE5C1A0082AC55 /* RootChatListViewController.swift */; };
		F458BA9A1FCE5E560082AC55 /* GroupedChatListViewController.swift in Sources */ = {isa = PBXBuildFile; fileRef = F458BA991FCE5E560082AC55 /* GroupedChatListViewController.swift */; };
		F458BA9C1FCF1D020082AC55 /* Contacts.storyboard in Resources */ = {isa = PBXBuildFile; fileRef = F458BA9B1FCF1D020082AC55 /* Contacts.storyboard */; };
		F458BA9E1FCF1D570082AC55 /* Chat.storyboard in Resources */ = {isa = PBXBuildFile; fileRef = F458BA9D1FCF1D570082AC55 /* Chat.storyboard */; };
		F458BAA01FCF309B0082AC55 /* CurrentUserViewController.swift in Sources */ = {isa = PBXBuildFile; fileRef = F458BA9F1FCF309B0082AC55 /* CurrentUserViewController.swift */; };
		F458BAA31FCF33F70082AC55 /* AvatarView.xib in Resources */ = {isa = PBXBuildFile; fileRef = F458BAA21FCF33F60082AC55 /* AvatarView.xib */; };
		F458BAA51FCF341E0082AC55 /* AvatarView.swift in Sources */ = {isa = PBXBuildFile; fileRef = F458BAA41FCF341E0082AC55 /* AvatarView.swift */; };
		F47597231FB7A92B00AF38D1 /* AppDelegate.swift in Sources */ = {isa = PBXBuildFile; fileRef = F47597221FB7A92B00AF38D1 /* AppDelegate.swift */; };
		F47597281FB7A92B00AF38D1 /* Main.storyboard in Resources */ = {isa = PBXBuildFile; fileRef = F47597261FB7A92B00AF38D1 /* Main.storyboard */; };
		F475972A1FB7A92B00AF38D1 /* Assets.xcassets in Resources */ = {isa = PBXBuildFile; fileRef = F47597291FB7A92B00AF38D1 /* Assets.xcassets */; };
		F475972D1FB7A92B00AF38D1 /* LaunchScreen.storyboard in Resources */ = {isa = PBXBuildFile; fileRef = F475972B1FB7A92B00AF38D1 /* LaunchScreen.storyboard */; };
		F47E72C71FCF8AF300F9FADD /* ChatViewController.swift in Sources */ = {isa = PBXBuildFile; fileRef = F47E72C61FCF8AF300F9FADD /* ChatViewController.swift */; };
		F49B65B91FD09F5C003CDE84 /* LaunchScreenViewController.swift in Sources */ = {isa = PBXBuildFile; fileRef = F49B65B81FD09F5C003CDE84 /* LaunchScreenViewController.swift */; };
		F4F9EC031FC8490C0064A337 /* users.json in Resources */ = {isa = PBXBuildFile; fileRef = F4F9EC021FC8490C0064A337 /* users.json */; };
		F4F9EC051FC849500064A337 /* FakeUser.swift in Sources */ = {isa = PBXBuildFile; fileRef = F4F9EC041FC849500064A337 /* FakeUser.swift */; };
		F4F9EC071FC8594E0064A337 /* RYTarget.swift in Sources */ = {isa = PBXBuildFile; fileRef = F4F9EC061FC8594E0064A337 /* RYTarget.swift */; };
		F4F9EC0A1FC9A2BF0064A337 /* RYManager.swift in Sources */ = {isa = PBXBuildFile; fileRef = F4F9EC091FC9A2BF0064A337 /* RYManager.swift */; };
/* End PBXBuildFile section */

/* Begin PBXFileReference section */
		37660A775F410D36374DF6DC /* Pods_LearnRY.framework */ = {isa = PBXFileReference; explicitFileType = wrapper.framework; includeInIndex = 0; path = Pods_LearnRY.framework; sourceTree = BUILT_PRODUCTS_DIR; };
		A3772665937A2ACC46EB72D9 /* Pods-LearnRY.debug.xcconfig */ = {isa = PBXFileReference; includeInIndex = 1; lastKnownFileType = text.xcconfig; name = "Pods-LearnRY.debug.xcconfig"; path = "Pods/Target Support Files/Pods-LearnRY/Pods-LearnRY.debug.xcconfig"; sourceTree = "<group>"; };
		D50348695B761F44FEB2748B /* Pods-LearnRY.release.xcconfig */ = {isa = PBXFileReference; includeInIndex = 1; lastKnownFileType = text.xcconfig; name = "Pods-LearnRY.release.xcconfig"; path = "Pods/Target Support Files/Pods-LearnRY/Pods-LearnRY.release.xcconfig"; sourceTree = "<group>"; };
		F44DA3F21FCF911D00B4A8F4 /* LearnRY-Bridging-Header.h */ = {isa = PBXFileReference; lastKnownFileType = sourcecode.c.h; path = "LearnRY-Bridging-Header.h"; sourceTree = "<group>"; };
		F44DA3F51FCF94F400B4A8F4 /* TopChatListViewController.h */ = {isa = PBXFileReference; fileEncoding = 4; lastKnownFileType = sourcecode.c.h; path = TopChatListViewController.h; sourceTree = "<group>"; };
		F44DA3F61FCF94F400B4A8F4 /* TopChatListViewController.m */ = {isa = PBXFileReference; fileEncoding = 4; lastKnownFileType = sourcecode.c.objc; path = TopChatListViewController.m; sourceTree = "<group>"; };
		F44DA3F81FCF952800B4A8F4 /* SecondaryChatListViewController.m */ = {isa = PBXFileReference; fileEncoding = 4; lastKnownFileType = sourcecode.c.objc; path = SecondaryChatListViewController.m; sourceTree = "<group>"; };
		F44DA3F91FCF952900B4A8F4 /* SecondaryChatListViewController.h */ = {isa = PBXFileReference; fileEncoding = 4; lastKnownFileType = sourcecode.c.h; path = SecondaryChatListViewController.h; sourceTree = "<group>"; };
		F458BA7D1FCCF70C0082AC55 /* ContactListTableViewController.swift */ = {isa = PBXFileReference; lastKnownFileType = sourcecode.swift; path = ContactListTableViewController.swift; sourceTree = "<group>"; };
		F458BA7F1FCCF73E0082AC55 /* ContactInfoViewController.swift */ = {isa = PBXFileReference; lastKnownFileType = sourcecode.swift; path = ContactInfoViewController.swift; sourceTree = "<group>"; };
		F458BA811FCCF7FC0082AC55 /* LoginViewController.swift */ = {isa = PBXFileReference; lastKnownFileType = sourcecode.swift; path = LoginViewController.swift; sourceTree = "<group>"; };
		F458BA831FCD1BDC0082AC55 /* The.swift */ = {isa = PBXFileReference; lastKnownFileType = sourcecode.swift; path = The.swift; sourceTree = "<group>"; };
		F458BA851FCDD7000082AC55 /* FriendTableViewCell.swift */ = {isa = PBXFileReference; lastKnownFileType = sourcecode.swift; path = FriendTableViewCell.swift; sourceTree = "<group>"; };
		F458BA871FCDF1BC0082AC55 /* LoginUserTableViewCell.swift */ = {isa = PBXFileReference; lastKnownFileType = sourcecode.swift; path = LoginUserTableViewCell.swift; sourceTree = "<group>"; };
		F458BA881FCDF1BC0082AC55 /* LoginUserTableViewCell.xib */ = {isa = PBXFileReference; lastKnownFileType = file.xib; path = LoginUserTableViewCell.xib; sourceTree = "<group>"; };
		F458BA8C1FCDF37B0082AC55 /* Login.storyboard */ = {isa = PBXFileReference; fileEncoding = 4; lastKnownFileType = file.storyboard; path = Login.storyboard; sourceTree = "<group>"; };
		F458BA931FCE059A0082AC55 /* Storyboards.swift */ = {isa = PBXFileReference; fileEncoding = 4; lastKnownFileType = sourcecode.swift; path = Storyboards.swift; sourceTree = "<group>"; };
		F458BA941FCE059A0082AC55 /* Assets.swift */ = {isa = PBXFileReference; fileEncoding = 4; lastKnownFileType = sourcecode.swift; path = Assets.swift; sourceTree = "<group>"; };
		F458BA971FCE5C1A0082AC55 /* RootChatListViewController.swift */ = {isa = PBXFileReference; lastKnownFileType = sourcecode.swift; path = RootChatListViewController.swift; sourceTree = "<group>"; };
		F458BA991FCE5E560082AC55 /* GroupedChatListViewController.swift */ = {isa = PBXFileReference; lastKnownFileType = sourcecode.swift; path = GroupedChatListViewController.swift; sourceTree = "<group>"; };
		F458BA9B1FCF1D020082AC55 /* Contacts.storyboard */ = {isa = PBXFileReference; fileEncoding = 4; lastKnownFileType = file.storyboard; path = Contacts.storyboard; sourceTree = "<group>"; };
		F458BA9D1FCF1D570082AC55 /* Chat.storyboard */ = {isa = PBXFileReference; fileEncoding = 4; lastKnownFileType = file.storyboard; path = Chat.storyboard; sourceTree = "<group>"; };
		F458BA9F1FCF309B0082AC55 /* CurrentUserViewController.swift */ = {isa = PBXFileReference; fileEncoding = 4; lastKnownFileType = sourcecode.swift; path = CurrentUserViewController.swift; sourceTree = "<group>"; };
		F458BAA21FCF33F60082AC55 /* AvatarView.xib */ = {isa = PBXFileReference; fileEncoding = 4; lastKnownFileType = file.xib; path = AvatarView.xib; sourceTree = "<group>"; };
		F458BAA41FCF341E0082AC55 /* AvatarView.swift */ = {isa = PBXFileReference; fileEncoding = 4; lastKnownFileType = sourcecode.swift; path = AvatarView.swift; sourceTree = "<group>"; };
		F475971F1FB7A92B00AF38D1 /* LearnRY.app */ = {isa = PBXFileReference; explicitFileType = wrapper.application; includeInIndex = 0; path = LearnRY.app; sourceTree = BUILT_PRODUCTS_DIR; };
		F47597221FB7A92B00AF38D1 /* AppDelegate.swift */ = {isa = PBXFileReference; lastKnownFileType = sourcecode.swift; path = AppDelegate.swift; sourceTree = "<group>"; };
		F47597271FB7A92B00AF38D1 /* Base */ = {isa = PBXFileReference; lastKnownFileType = file.storyboard; name = Base; path = Base.lproj/Main.storyboard; sourceTree = "<group>"; };
		F47597291FB7A92B00AF38D1 /* Assets.xcassets */ = {isa = PBXFileReference; lastKnownFileType = folder.assetcatalog; path = Assets.xcassets; sourceTree = "<group>"; };
		F475972C1FB7A92B00AF38D1 /* Base */ = {isa = PBXFileReference; lastKnownFileType = file.storyboard; name = Base; path = Base.lproj/LaunchScreen.storyboard; sourceTree = "<group>"; };
		F475972E1FB7A92B00AF38D1 /* Info.plist */ = {isa = PBXFileReference; lastKnownFileType = text.plist.xml; path = Info.plist; sourceTree = "<group>"; };
		F47E72C61FCF8AF300F9FADD /* ChatViewController.swift */ = {isa = PBXFileReference; lastKnownFileType = sourcecode.swift; path = ChatViewController.swift; sourceTree = "<group>"; };
		F49B65B81FD09F5C003CDE84 /* LaunchScreenViewController.swift */ = {isa = PBXFileReference; lastKnownFileType = sourcecode.swift; path = LaunchScreenViewController.swift; sourceTree = "<group>"; };
		F4F9EC021FC8490C0064A337 /* users.json */ = {isa = PBXFileReference; fileEncoding = 4; lastKnownFileType = text.json; path = users.json; sourceTree = "<group>"; };
		F4F9EC041FC849500064A337 /* FakeUser.swift */ = {isa = PBXFileReference; lastKnownFileType = sourcecode.swift; path = FakeUser.swift; sourceTree = "<group>"; };
		F4F9EC061FC8594E0064A337 /* RYTarget.swift */ = {isa = PBXFileReference; lastKnownFileType = sourcecode.swift; path = RYTarget.swift; sourceTree = "<group>"; };
		F4F9EC091FC9A2BF0064A337 /* RYManager.swift */ = {isa = PBXFileReference; lastKnownFileType = sourcecode.swift; path = RYManager.swift; sourceTree = "<group>"; };
/* End PBXFileReference section */

/* Begin PBXFrameworksBuildPhase section */
		F475971C1FB7A92B00AF38D1 /* Frameworks */ = {
			isa = PBXFrameworksBuildPhase;
			buildActionMask = 2147483647;
			files = (
				7FE9865BA5673467DA331D0A /* Pods_LearnRY.framework in Frameworks */,
			);
			runOnlyForDeploymentPostprocessing = 0;
		};
/* End PBXFrameworksBuildPhase section */

/* Begin PBXGroup section */
		7A6D6859E7098D869984D7A2 /* Pods */ = {
			isa = PBXGroup;
			children = (
				A3772665937A2ACC46EB72D9 /* Pods-LearnRY.debug.xcconfig */,
				D50348695B761F44FEB2748B /* Pods-LearnRY.release.xcconfig */,
			);
			name = Pods;
			sourceTree = "<group>";
		};
		DC94498C20DB837124A48152 /* Frameworks */ = {
			isa = PBXGroup;
			children = (
				37660A775F410D36374DF6DC /* Pods_LearnRY.framework */,
			);
			name = Frameworks;
			sourceTree = "<group>";
		};
		F458BA7A1FCCF6700082AC55 /* Contacts */ = {
			isa = PBXGroup;
			children = (
				F458BA9B1FCF1D020082AC55 /* Contacts.storyboard */,
				F458BA851FCDD7000082AC55 /* FriendTableViewCell.swift */,
				F458BA7D1FCCF70C0082AC55 /* ContactListTableViewController.swift */,
				F458BA7F1FCCF73E0082AC55 /* ContactInfoViewController.swift */,
			);
			path = Contacts;
			sourceTree = "<group>";
		};
		F458BA8B1FCDF1C40082AC55 /* Login */ = {
			isa = PBXGroup;
			children = (
				F458BA8C1FCDF37B0082AC55 /* Login.storyboard */,
				F458BA811FCCF7FC0082AC55 /* LoginViewController.swift */,
				F458BA871FCDF1BC0082AC55 /* LoginUserTableViewCell.swift */,
				F458BA881FCDF1BC0082AC55 /* LoginUserTableViewCell.xib */,
			);
			path = Login;
			sourceTree = "<group>";
		};
		F458BA8E1FCE049A0082AC55 /* SwiftGen */ = {
			isa = PBXGroup;
			children = (
				F458BA941FCE059A0082AC55 /* Assets.swift */,
				F458BA931FCE059A0082AC55 /* Storyboards.swift */,
			);
			path = SwiftGen;
			sourceTree = "<group>";
		};
		F458BAA11FCF33D60082AC55 /* CurrentUser */ = {
			isa = PBXGroup;
			children = (
				F458BAA41FCF341E0082AC55 /* AvatarView.swift */,
				F458BAA21FCF33F60082AC55 /* AvatarView.xib */,
				F458BA9F1FCF309B0082AC55 /* CurrentUserViewController.swift */,
			);
			path = CurrentUser;
			sourceTree = "<group>";
		};
		F47597161FB7A92B00AF38D1 = {
			isa = PBXGroup;
			children = (
				F47597211FB7A92B00AF38D1 /* LearnRY */,
				F47597201FB7A92B00AF38D1 /* Products */,
				7A6D6859E7098D869984D7A2 /* Pods */,
				DC94498C20DB837124A48152 /* Frameworks */,
			);
			sourceTree = "<group>";
		};
		F47597201FB7A92B00AF38D1 /* Products */ = {
			isa = PBXGroup;
			children = (
				F475971F1FB7A92B00AF38D1 /* LearnRY.app */,
			);
			name = Products;
			sourceTree = "<group>";
		};
		F47597211FB7A92B00AF38D1 /* LearnRY */ = {
			isa = PBXGroup;
			children = (
				F49B65B81FD09F5C003CDE84 /* LaunchScreenViewController.swift */,
				F458BAA11FCF33D60082AC55 /* CurrentUser */,
				F47597221FB7A92B00AF38D1 /* AppDelegate.swift */,
				F4F9EC041FC849500064A337 /* FakeUser.swift */,
				F458BA831FCD1BDC0082AC55 /* The.swift */,
				F475972B1FB7A92B00AF38D1 /* LaunchScreen.storyboard */,
				F47597261FB7A92B00AF38D1 /* Main.storyboard */,
				F47597291FB7A92B00AF38D1 /* Assets.xcassets */,
				F458BA8B1FCDF1C40082AC55 /* Login */,
				F4EAEA7E1FCA1D7100984091 /* Chat */,
				F458BA7A1FCCF6700082AC55 /* Contacts */,
				F4EAEA7F1FCA1D8C00984091 /* Resources */,
				F4EAEA7D1FCA1AA200984091 /* RongCloud */,
				F458BA8E1FCE049A0082AC55 /* SwiftGen */,
				F475972E1FB7A92B00AF38D1 /* Info.plist */,
				F44DA3F21FCF911D00B4A8F4 /* LearnRY-Bridging-Header.h */,
			);
			path = LearnRY;
			sourceTree = "<group>";
		};
		F4EAEA7D1FCA1AA200984091 /* RongCloud */ = {
			isa = PBXGroup;
			children = (
				F4F9EC091FC9A2BF0064A337 /* RYManager.swift */,
				F4F9EC061FC8594E0064A337 /* RYTarget.swift */,
			);
			path = RongCloud;
			sourceTree = "<group>";
		};
		F4EAEA7E1FCA1D7100984091 /* Chat */ = {
			isa = PBXGroup;
			children = (
				F44DA3F91FCF952900B4A8F4 /* SecondaryChatListViewController.h */,
				F44DA3F81FCF952800B4A8F4 /* SecondaryChatListViewController.m */,
				F47E72C61FCF8AF300F9FADD /* ChatViewController.swift */,
				F458BA9D1FCF1D570082AC55 /* Chat.storyboard */,
				F44DA3F51FCF94F400B4A8F4 /* TopChatListViewController.h */,
				F44DA3F61FCF94F400B4A8F4 /* TopChatListViewController.m */,
				F458BA971FCE5C1A0082AC55 /* RootChatListViewController.swift */,
				F458BA991FCE5E560082AC55 /* GroupedChatListViewController.swift */,
			);
			path = Chat;
			sourceTree = "<group>";
		};
		F4EAEA7F1FCA1D8C00984091 /* Resources */ = {
			isa = PBXGroup;
			children = (
				F4F9EC021FC8490C0064A337 /* users.json */,
			);
			path = Resources;
			sourceTree = "<group>";
		};
/* End PBXGroup section */

/* Begin PBXNativeTarget section */
		F475971E1FB7A92B00AF38D1 /* LearnRY */ = {
			isa = PBXNativeTarget;
			buildConfigurationList = F47597311FB7A92B00AF38D1 /* Build configuration list for PBXNativeTarget "LearnRY" */;
			buildPhases = (
				732ABDC08F7639EB585599EC /* [CP] Check Pods Manifest.lock */,
				F475971B1FB7A92B00AF38D1 /* Sources */,
				F475971C1FB7A92B00AF38D1 /* Frameworks */,
				F475971D1FB7A92B00AF38D1 /* Resources */,
				87BC8182670F32C8A5F84899 /* [CP] Embed Pods Frameworks */,
				7928C03E8EBCE70038BB3320 /* [CP] Copy Pods Resources */,
			);
			buildRules = (
			);
			dependencies = (
			);
			name = LearnRY;
			productName = LearnRY;
			productReference = F475971F1FB7A92B00AF38D1 /* LearnRY.app */;
			productType = "com.apple.product-type.application";
		};
/* End PBXNativeTarget section */

/* Begin PBXProject section */
		F47597171FB7A92B00AF38D1 /* Project object */ = {
			isa = PBXProject;
			attributes = {
				LastSwiftUpdateCheck = 0910;
				LastUpgradeCheck = 0910;
				ORGANIZATIONNAME = Mudox;
				TargetAttributes = {
					F475971E1FB7A92B00AF38D1 = {
						CreatedOnToolsVersion = 9.1;
						LastSwiftMigration = 0910;
						ProvisioningStyle = Automatic;
						SystemCapabilities = {
							com.apple.BackgroundModes = {
								enabled = 0;
							};
						};
					};
				};
			};
			buildConfigurationList = F475971A1FB7A92B00AF38D1 /* Build configuration list for PBXProject "LearnRY" */;
			compatibilityVersion = "Xcode 8.0";
			developmentRegion = en;
			hasScannedForEncodings = 0;
			knownRegions = (
				en,
				Base,
			);
			mainGroup = F47597161FB7A92B00AF38D1;
			productRefGroup = F47597201FB7A92B00AF38D1 /* Products */;
			projectDirPath = "";
			projectRoot = "";
			targets = (
				F475971E1FB7A92B00AF38D1 /* LearnRY */,
			);
		};
/* End PBXProject section */

/* Begin PBXResourcesBuildPhase section */
		F475971D1FB7A92B00AF38D1 /* Resources */ = {
			isa = PBXResourcesBuildPhase;
			buildActionMask = 2147483647;
			files = (
				F458BAA31FCF33F70082AC55 /* AvatarView.xib in Resources */,
				F4F9EC031FC8490C0064A337 /* users.json in Resources */,
				F458BA8A1FCDF1BC0082AC55 /* LoginUserTableViewCell.xib in Resources */,
				F458BA8D1FCDF37B0082AC55 /* Login.storyboard in Resources */,
				F475972D1FB7A92B00AF38D1 /* LaunchScreen.storyboard in Resources */,
				F475972A1FB7A92B00AF38D1 /* Assets.xcassets in Resources */,
				F458BA9C1FCF1D020082AC55 /* Contacts.storyboard in Resources */,
				F458BA9E1FCF1D570082AC55 /* Chat.storyboard in Resources */,
				F47597281FB7A92B00AF38D1 /* Main.storyboard in Resources */,
			);
			runOnlyForDeploymentPostprocessing = 0;
		};
/* End PBXResourcesBuildPhase section */

/* Begin PBXShellScriptBuildPhase section */
		732ABDC08F7639EB585599EC /* [CP] Check Pods Manifest.lock */ = {
			isa = PBXShellScriptBuildPhase;
			buildActionMask = 2147483647;
			files = (
			);
			inputPaths = (
				"${PODS_PODFILE_DIR_PATH}/Podfile.lock",
				"${PODS_ROOT}/Manifest.lock",
			);
			name = "[CP] Check Pods Manifest.lock";
			outputPaths = (
				"$(DERIVED_FILE_DIR)/Pods-LearnRY-checkManifestLockResult.txt",
			);
			runOnlyForDeploymentPostprocessing = 0;
			shellPath = /bin/sh;
			shellScript = "diff \"${PODS_PODFILE_DIR_PATH}/Podfile.lock\" \"${PODS_ROOT}/Manifest.lock\" > /dev/null\nif [ $? != 0 ] ; then\n    # print error to STDERR\n    echo \"error: The sandbox is not in sync with the Podfile.lock. Run 'pod install' or update your CocoaPods installation.\" >&2\n    exit 1\nfi\n# This output is used by Xcode 'outputs' to avoid re-running this script phase.\necho \"SUCCESS\" > \"${SCRIPT_OUTPUT_FILE_0}\"\n";
			showEnvVarsInLog = 0;
		};
		7928C03E8EBCE70038BB3320 /* [CP] Copy Pods Resources */ = {
			isa = PBXShellScriptBuildPhase;
			buildActionMask = 2147483647;
			files = (
			);
			inputPaths = (
				"${SRCROOT}/Pods/Target Support Files/Pods-LearnRY/Pods-LearnRY-resources.sh",
				"${PODS_ROOT}/RongCloudIM/RongCloudIM/RongCloud.bundle",
				"${PODS_ROOT}/RongCloudIM/RongCloudIM/en.lproj",
				"${PODS_ROOT}/RongCloudIM/RongCloudIM/zh-Hans.lproj",
				"${PODS_ROOT}/RongCloudIM/RongCloudIM/Emoji.plist",
				"${PODS_ROOT}/RongCloudIM/RongCloudIM/RCConfig.plist",
			);
			name = "[CP] Copy Pods Resources";
			outputPaths = (
				"${TARGET_BUILD_DIR}/${UNLOCALIZED_RESOURCES_FOLDER_PATH}",
			);
			runOnlyForDeploymentPostprocessing = 0;
			shellPath = /bin/sh;
			shellScript = "\"${SRCROOT}/Pods/Target Support Files/Pods-LearnRY/Pods-LearnRY-resources.sh\"\n";
			showEnvVarsInLog = 0;
		};
		87BC8182670F32C8A5F84899 /* [CP] Embed Pods Frameworks */ = {
			isa = PBXShellScriptBuildPhase;
			buildActionMask = 2147483647;
			files = (
			);
			inputPaths = (
				"${SRCROOT}/Pods/Target Support Files/Pods-LearnRY/Pods-LearnRY-frameworks.sh",
				"${BUILT_PRODUCTS_DIR}/Alamofire/Alamofire.framework",
				"${BUILT_PRODUCTS_DIR}/CocoaLumberjack/CocoaLumberjack.framework",
				"${BUILT_PRODUCTS_DIR}/CryptoSwift/CryptoSwift.framework",
				"${BUILT_PRODUCTS_DIR}/Eureka/Eureka.framework",
				"${BUILT_PRODUCTS_DIR}/Fakery/Fakery.framework",
				"${BUILT_PRODUCTS_DIR}/FlagKit/FlagKit.framework",
				"${BUILT_PRODUCTS_DIR}/JacKit/JacKit.framework",
				"${BUILT_PRODUCTS_DIR}/Kingfisher/Kingfisher.framework",
				"${BUILT_PRODUCTS_DIR}/MBProgressHUD/MBProgressHUD.framework",
				"${BUILT_PRODUCTS_DIR}/Moya/Moya.framework",
				"${BUILT_PRODUCTS_DIR}/RandomKit/RandomKit.framework",
				"${BUILT_PRODUCTS_DIR}/RandomUser/RandomUser.framework",
				"${BUILT_PRODUCTS_DIR}/Result/Result.framework",
				"${BUILT_PRODUCTS_DIR}/RxSwift/RxSwift.framework",
				"${BUILT_PRODUCTS_DIR}/ShiftOperations/ShiftOperations.framework",
				"${BUILT_PRODUCTS_DIR}/SwiftyJSON/SwiftyJSON.framework",
				"${BUILT_PRODUCTS_DIR}/Threadly/Threadly.framework",
				"${BUILT_PRODUCTS_DIR}/iOSKit/iOSKit.framework",
			);
			name = "[CP] Embed Pods Frameworks";
			outputPaths = (
				"${TARGET_BUILD_DIR}/${FRAMEWORKS_FOLDER_PATH}/Alamofire.framework",
				"${TARGET_BUILD_DIR}/${FRAMEWORKS_FOLDER_PATH}/CocoaLumberjack.framework",
				"${TARGET_BUILD_DIR}/${FRAMEWORKS_FOLDER_PATH}/CryptoSwift.framework",
				"${TARGET_BUILD_DIR}/${FRAMEWORKS_FOLDER_PATH}/Eureka.framework",
				"${TARGET_BUILD_DIR}/${FRAMEWORKS_FOLDER_PATH}/Fakery.framework",
				"${TARGET_BUILD_DIR}/${FRAMEWORKS_FOLDER_PATH}/FlagKit.framework",
				"${TARGET_BUILD_DIR}/${FRAMEWORKS_FOLDER_PATH}/JacKit.framework",
				"${TARGET_BUILD_DIR}/${FRAMEWORKS_FOLDER_PATH}/Kingfisher.framework",
				"${TARGET_BUILD_DIR}/${FRAMEWORKS_FOLDER_PATH}/MBProgressHUD.framework",
				"${TARGET_BUILD_DIR}/${FRAMEWORKS_FOLDER_PATH}/Moya.framework",
				"${TARGET_BUILD_DIR}/${FRAMEWORKS_FOLDER_PATH}/RandomKit.framework",
				"${TARGET_BUILD_DIR}/${FRAMEWORKS_FOLDER_PATH}/RandomUser.framework",
				"${TARGET_BUILD_DIR}/${FRAMEWORKS_FOLDER_PATH}/Result.framework",
				"${TARGET_BUILD_DIR}/${FRAMEWORKS_FOLDER_PATH}/RxSwift.framework",
				"${TARGET_BUILD_DIR}/${FRAMEWORKS_FOLDER_PATH}/ShiftOperations.framework",
				"${TARGET_BUILD_DIR}/${FRAMEWORKS_FOLDER_PATH}/SwiftyJSON.framework",
				"${TARGET_BUILD_DIR}/${FRAMEWORKS_FOLDER_PATH}/Threadly.framework",
				"${TARGET_BUILD_DIR}/${FRAMEWORKS_FOLDER_PATH}/iOSKit.framework",
			);
			runOnlyForDeploymentPostprocessing = 0;
			shellPath = /bin/sh;
			shellScript = "\"${SRCROOT}/Pods/Target Support Files/Pods-LearnRY/Pods-LearnRY-frameworks.sh\"\n";
			showEnvVarsInLog = 0;
		};
/* End PBXShellScriptBuildPhase section */

/* Begin PBXSourcesBuildPhase section */
		F475971B1FB7A92B00AF38D1 /* Sources */ = {
			isa = PBXSourcesBuildPhase;
			buildActionMask = 2147483647;
			files = (
				F44DA3F71FCF94F400B4A8F4 /* TopChatListViewController.m in Sources */,
				F458BA7E1FCCF70C0082AC55 /* ContactListTableViewController.swift in Sources */,
				F4F9EC0A1FC9A2BF0064A337 /* RYManager.swift in Sources */,
				F458BA801FCCF73E0082AC55 /* ContactInfoViewController.swift in Sources */,
				F4F9EC071FC8594E0064A337 /* RYTarget.swift in Sources */,
				F458BA861FCDD7000082AC55 /* FriendTableViewCell.swift in Sources */,
				F458BA981FCE5C1A0082AC55 /* RootChatListViewController.swift in Sources */,
				F458BAA01FCF309B0082AC55 /* CurrentUserViewController.swift in Sources */,
				F458BAA51FCF341E0082AC55 /* AvatarView.swift in Sources */,
				F458BA9A1FCE5E560082AC55 /* GroupedChatListViewController.swift in Sources */,
				F458BA891FCDF1BC0082AC55 /* LoginUserTableViewCell.swift in Sources */,
				F47E72C71FCF8AF300F9FADD /* ChatViewController.swift in Sources */,
				F4F9EC051FC849500064A337 /* FakeUser.swift in Sources */,
				F458BA961FCE059A0082AC55 /* Assets.swift in Sources */,
				F47597231FB7A92B00AF38D1 /* AppDelegate.swift in Sources */,
				F458BA951FCE059A0082AC55 /* Storyboards.swift in Sources */,
				F44DA3FA1FCF952900B4A8F4 /* SecondaryChatListViewController.m in Sources */,
				F458BA841FCD1BDC0082AC55 /* The.swift in Sources */,
				F49B65B91FD09F5C003CDE84 /* LaunchScreenViewController.swift in Sources */,
				F458BA821FCCF7FC0082AC55 /* LoginViewController.swift in Sources */,
			);
			runOnlyForDeploymentPostprocessing = 0;
		};
/* End PBXSourcesBuildPhase section */

/* Begin PBXVariantGroup section */
		F47597261FB7A92B00AF38D1 /* Main.storyboard */ = {
			isa = PBXVariantGroup;
			children = (
				F47597271FB7A92B00AF38D1 /* Base */,
			);
			name = Main.storyboard;
			sourceTree = "<group>";
		};
		F475972B1FB7A92B00AF38D1 /* LaunchScreen.storyboard */ = {
			isa = PBXVariantGroup;
			children = (
				F475972C1FB7A92B00AF38D1 /* Base */,
			);
			name = LaunchScreen.storyboard;
			sourceTree = "<group>";
		};
/* End PBXVariantGroup section */

/* Begin XCBuildConfiguration section */
		F475972F1FB7A92B00AF38D1 /* Debug */ = {
			isa = XCBuildConfiguration;
			buildSettings = {
				ALWAYS_SEARCH_USER_PATHS = NO;
				CLANG_ANALYZER_NONNULL = YES;
				CLANG_ANALYZER_NUMBER_OBJECT_CONVERSION = YES_AGGRESSIVE;
				CLANG_CXX_LANGUAGE_STANDARD = "gnu++14";
				CLANG_CXX_LIBRARY = "libc++";
				CLANG_ENABLE_MODULES = YES;
				CLANG_ENABLE_OBJC_ARC = YES;
				CLANG_WARN_BLOCK_CAPTURE_AUTORELEASING = YES;
				CLANG_WARN_BOOL_CONVERSION = YES;
				CLANG_WARN_COMMA = YES;
				CLANG_WARN_CONSTANT_CONVERSION = YES;
				CLANG_WARN_DIRECT_OBJC_ISA_USAGE = YES_ERROR;
				CLANG_WARN_DOCUMENTATION_COMMENTS = YES;
				CLANG_WARN_EMPTY_BODY = YES;
				CLANG_WARN_ENUM_CONVERSION = YES;
				CLANG_WARN_INFINITE_RECURSION = YES;
				CLANG_WARN_INT_CONVERSION = YES;
				CLANG_WARN_NON_LITERAL_NULL_CONVERSION = YES;
				CLANG_WARN_OBJC_LITERAL_CONVERSION = YES;
				CLANG_WARN_OBJC_ROOT_CLASS = YES_ERROR;
				CLANG_WARN_RANGE_LOOP_ANALYSIS = YES;
				CLANG_WARN_STRICT_PROTOTYPES = YES;
				CLANG_WARN_SUSPICIOUS_MOVE = YES;
				CLANG_WARN_UNGUARDED_AVAILABILITY = YES_AGGRESSIVE;
				CLANG_WARN_UNREACHABLE_CODE = YES;
				CLANG_WARN__DUPLICATE_METHOD_MATCH = YES;
				CODE_SIGN_IDENTITY = "iPhone Developer";
				COPY_PHASE_STRIP = NO;
				DEBUG_INFORMATION_FORMAT = dwarf;
				ENABLE_STRICT_OBJC_MSGSEND = YES;
				ENABLE_TESTABILITY = YES;
				GCC_C_LANGUAGE_STANDARD = gnu11;
				GCC_DYNAMIC_NO_PIC = NO;
				GCC_NO_COMMON_BLOCKS = YES;
				GCC_OPTIMIZATION_LEVEL = 0;
				GCC_PREPROCESSOR_DEFINITIONS = (
					"DEBUG=1",
					"$(inherited)",
				);
				GCC_WARN_64_TO_32_BIT_CONVERSION = YES;
				GCC_WARN_ABOUT_RETURN_TYPE = YES_ERROR;
				GCC_WARN_UNDECLARED_SELECTOR = YES;
				GCC_WARN_UNINITIALIZED_AUTOS = YES_AGGRESSIVE;
				GCC_WARN_UNUSED_FUNCTION = YES;
				GCC_WARN_UNUSED_VARIABLE = YES;
				IPHONEOS_DEPLOYMENT_TARGET = 11.1;
				MTL_ENABLE_DEBUG_INFO = YES;
				ONLY_ACTIVE_ARCH = YES;
				SDKROOT = iphoneos;
				SWIFT_ACTIVE_COMPILATION_CONDITIONS = DEBUG;
				SWIFT_OPTIMIZATION_LEVEL = "-Onone";
			};
			name = Debug;
		};
		F47597301FB7A92B00AF38D1 /* Release */ = {
			isa = XCBuildConfiguration;
			buildSettings = {
				ALWAYS_SEARCH_USER_PATHS = NO;
				CLANG_ANALYZER_NONNULL = YES;
				CLANG_ANALYZER_NUMBER_OBJECT_CONVERSION = YES_AGGRESSIVE;
				CLANG_CXX_LANGUAGE_STANDARD = "gnu++14";
				CLANG_CXX_LIBRARY = "libc++";
				CLANG_ENABLE_MODULES = YES;
				CLANG_ENABLE_OBJC_ARC = YES;
				CLANG_WARN_BLOCK_CAPTURE_AUTORELEASING = YES;
				CLANG_WARN_BOOL_CONVERSION = YES;
				CLANG_WARN_COMMA = YES;
				CLANG_WARN_CONSTANT_CONVERSION = YES;
				CLANG_WARN_DIRECT_OBJC_ISA_USAGE = YES_ERROR;
				CLANG_WARN_DOCUMENTATION_COMMENTS = YES;
				CLANG_WARN_EMPTY_BODY = YES;
				CLANG_WARN_ENUM_CONVERSION = YES;
				CLANG_WARN_INFINITE_RECURSION = YES;
				CLANG_WARN_INT_CONVERSION = YES;
				CLANG_WARN_NON_LITERAL_NULL_CONVERSION = YES;
				CLANG_WARN_OBJC_LITERAL_CONVERSION = YES;
				CLANG_WARN_OBJC_ROOT_CLASS = YES_ERROR;
				CLANG_WARN_RANGE_LOOP_ANALYSIS = YES;
				CLANG_WARN_STRICT_PROTOTYPES = YES;
				CLANG_WARN_SUSPICIOUS_MOVE = YES;
				CLANG_WARN_UNGUARDED_AVAILABILITY = YES_AGGRESSIVE;
				CLANG_WARN_UNREACHABLE_CODE = YES;
				CLANG_WARN__DUPLICATE_METHOD_MATCH = YES;
				CODE_SIGN_IDENTITY = "iPhone Developer";
				COPY_PHASE_STRIP = NO;
				DEBUG_INFORMATION_FORMAT = "dwarf-with-dsym";
				ENABLE_NS_ASSERTIONS = NO;
				ENABLE_STRICT_OBJC_MSGSEND = YES;
				GCC_C_LANGUAGE_STANDARD = gnu11;
				GCC_NO_COMMON_BLOCKS = YES;
				GCC_WARN_64_TO_32_BIT_CONVERSION = YES;
				GCC_WARN_ABOUT_RETURN_TYPE = YES_ERROR;
				GCC_WARN_UNDECLARED_SELECTOR = YES;
				GCC_WARN_UNINITIALIZED_AUTOS = YES_AGGRESSIVE;
				GCC_WARN_UNUSED_FUNCTION = YES;
				GCC_WARN_UNUSED_VARIABLE = YES;
				IPHONEOS_DEPLOYMENT_TARGET = 11.1;
				MTL_ENABLE_DEBUG_INFO = NO;
				SDKROOT = iphoneos;
				SWIFT_OPTIMIZATION_LEVEL = "-Owholemodule";
				VALIDATE_PRODUCT = YES;
			};
			name = Release;
		};
		F47597321FB7A92B00AF38D1 /* Debug */ = {
			isa = XCBuildConfiguration;
			baseConfigurationReference = A3772665937A2ACC46EB72D9 /* Pods-LearnRY.debug.xcconfig */;
			buildSettings = {
				ASSETCATALOG_COMPILER_APPICON_NAME = AppIcon;
				CLANG_ENABLE_MODULES = YES;
				CODE_SIGN_STYLE = Automatic;
				DEVELOPMENT_TEAM = YSQ5ZCLFSD;
				INFOPLIST_FILE = LearnRY/Info.plist;
				IPHONEOS_DEPLOYMENT_TARGET = 10.0;
				LD_RUNPATH_SEARCH_PATHS = "$(inherited) @executable_path/Frameworks";
				PRODUCT_BUNDLE_IDENTIFIER = io.github.mudox.LearnRY;
				PRODUCT_NAME = "$(TARGET_NAME)";
				SWIFT_OBJC_BRIDGING_HEADER = "LearnRY/LearnRY-Bridging-Header.h";
				SWIFT_OPTIMIZATION_LEVEL = "-Onone";
				SWIFT_VERSION = 4.0;
				TARGETED_DEVICE_FAMILY = 1;
			};
			name = Debug;
		};
		F47597331FB7A92B00AF38D1 /* Release */ = {
			isa = XCBuildConfiguration;
			baseConfigurationReference = D50348695B761F44FEB2748B /* Pods-LearnRY.release.xcconfig */;
			buildSettings = {
				ASSETCATALOG_COMPILER_APPICON_NAME = AppIcon;
				CLANG_ENABLE_MODULES = YES;
				CODE_SIGN_STYLE = Automatic;
				DEVELOPMENT_TEAM = YSQ5ZCLFSD;
				INFOPLIST_FILE = LearnRY/Info.plist;
				IPHONEOS_DEPLOYMENT_TARGET = 10.0;
				LD_RUNPATH_SEARCH_PATHS = "$(inherited) @executable_path/Frameworks";
				PRODUCT_BUNDLE_IDENTIFIER = io.github.mudox.LearnRY;
				PRODUCT_NAME = "$(TARGET_NAME)";
				SWIFT_OBJC_BRIDGING_HEADER = "LearnRY/LearnRY-Bridging-Header.h";
				SWIFT_VERSION = 4.0;
				TARGETED_DEVICE_FAMILY = 1;
			};
			name = Release;
		};
/* End XCBuildConfiguration section */

/* Begin XCConfigurationList section */
		F475971A1FB7A92B00AF38D1 /* Build configuration list for PBXProject "LearnRY" */ = {
			isa = XCConfigurationList;
			buildConfigurations = (
				F475972F1FB7A92B00AF38D1 /* Debug */,
				F47597301FB7A92B00AF38D1 /* Release */,
			);
			defaultConfigurationIsVisible = 0;
			defaultConfigurationName = Release;
		};
		F47597311FB7A92B00AF38D1 /* Build configuration list for PBXNativeTarget "LearnRY" */ = {
			isa = XCConfigurationList;
			buildConfigurations = (
				F47597321FB7A92B00AF38D1 /* Debug */,
				F47597331FB7A92B00AF38D1 /* Release */,
			);
			defaultConfigurationIsVisible = 0;
			defaultConfigurationName = Release;
		};
/* End XCConfigurationList section */
	};
	rootObject = F47597171FB7A92B00AF38D1 /* Project object */;
}
